Microsoft Visual Studio Solution File, Format Version 12.00
# Visual Studio Version 17
VisualStudioVersion = 17.5.2.0
MinimumVisualStudioVersion = 10.0.40219.1
Project("{FAE04EC0-301F-11D3-BF4B-00C04F79EFBC}") = "Jw_Quiz_Development", "Jw_Quiz_Development.csproj", "{CAECF154-D299-CB07-965A-678D94E05532}"
EndProject
Global
	GlobalSection(SolutionConfigurationPlatforms) = preSolution
		Debug|Any CPU = Debug|Any CPU
		Release|Any CPU = Release|Any CPU
	EndGlobalSection
	GlobalSection(ProjectConfigurationPlatforms) = postSolution
		{CAECF154-D299-CB07-965A-678D94E05532}.Debug|Any CPU.ActiveCfg = Debug|Any CPU
		{CAECF154-D299-CB07-965A-678D94E05532}.Debug|Any CPU.Build.0 = Debug|Any CPU
		{CAECF154-D299-CB07-965A-678D94E05532}.Release|Any CPU.ActiveCfg = Release|Any CPU
		{CAECF154-D299-CB07-965A-678D94E05532}.Release|Any CPU.Build.0 = Release|Any CPU
	EndGlobalSection
	GlobalSection(SolutionProperties) = preSolution
		HideSolutionNode = FALSE
	EndGlobalSection
	GlobalSection(ExtensibilityGlobals) = postSolution
		SolutionGuid = {7E7FF577-F1DC-4C2D-B178-08CA6958389E}
	EndGlobalSection
EndGlobal
